// !$*UTF8*$!
{
	archiveVersion = 1;
	classes = {
	};
	objectVersion = 50;
	objects = {

/* Begin PBXBuildFile section */
		0A16896D25409CFB00E5B78A /* GoogleMapsViewController.swift in Sources */ = {isa = PBXBuildFile; fileRef = 0A16896C25409CFB00E5B78A /* GoogleMapsViewController.swift */; };
		0A1689942540A3FF00E5B78A /* SystemConfiguration.framework in Frameworks */ = {isa = PBXBuildFile; fileRef = 0A1689852540A3FF00E5B78A /* SystemConfiguration.framework */; };
		0A1689952540A3FF00E5B78A /* ImageIO.framework in Frameworks */ = {isa = PBXBuildFile; fileRef = 0A1689862540A3FF00E5B78A /* ImageIO.framework */; };
		0A1689962540A3FF00E5B78A /* QuartzCore.framework in Frameworks */ = {isa = PBXBuildFile; fileRef = 0A1689872540A3FF00E5B78A /* QuartzCore.framework */; };
		0A1689972540A3FF00E5B78A /* CoreGraphics.framework in Frameworks */ = {isa = PBXBuildFile; fileRef = 0A1689882540A3FF00E5B78A /* CoreGraphics.framework */; };
		0A1689982540A3FF00E5B78A /* CoreLocation.framework in Frameworks */ = {isa = PBXBuildFile; fileRef = 0A1689892540A3FF00E5B78A /* CoreLocation.framework */; };
		0A1689992540A3FF00E5B78A /* CoreImage.framework in Frameworks */ = {isa = PBXBuildFile; fileRef = 0A16898A2540A3FF00E5B78A /* CoreImage.framework */; };
		0A16899A2540A3FF00E5B78A /* CoreText.framework in Frameworks */ = {isa = PBXBuildFile; fileRef = 0A16898B2540A3FF00E5B78A /* CoreText.framework */; };
		0A16899B2540A3FF00E5B78A /* CoreData.framework in Frameworks */ = {isa = PBXBuildFile; fileRef = 0A16898C2540A3FF00E5B78A /* CoreData.framework */; };
		0A16899C2540A3FF00E5B78A /* OpenGLES.framework in Frameworks */ = {isa = PBXBuildFile; fileRef = 0A16898D2540A3FF00E5B78A /* OpenGLES.framework */; };
		0A16899D2540A3FF00E5B78A /* libc++.tbd in Frameworks */ = {isa = PBXBuildFile; fileRef = 0A16898E2540A3FF00E5B78A /* libc++.tbd */; };
		0A16899E2540A3FF00E5B78A /* GLKit.framework in Frameworks */ = {isa = PBXBuildFile; fileRef = 0A16898F2540A3FF00E5B78A /* GLKit.framework */; };
		0A16899F2540A3FF00E5B78A /* libz.tbd in Frameworks */ = {isa = PBXBuildFile; fileRef = 0A1689902540A3FF00E5B78A /* libz.tbd */; };
		0A1689A02540A3FF00E5B78A /* Accelerate.framework in Frameworks */ = {isa = PBXBuildFile; fileRef = 0A1689912540A3FF00E5B78A /* Accelerate.framework */; };
		0A1689A12540A3FF00E5B78A /* UIKit.framework in Frameworks */ = {isa = PBXBuildFile; fileRef = 0A1689922540A3FF00E5B78A /* UIKit.framework */; };
		0A1689A22540A3FF00E5B78A /* CoreTelephony.framework in Frameworks */ = {isa = PBXBuildFile; fileRef = 0A1689932540A3FF00E5B78A /* CoreTelephony.framework */; };
		0A172857253F3C1F004A29DA /* MapKitViewController.swift in Sources */ = {isa = PBXBuildFile; fileRef = 0A172856253F3C1F004A29DA /* MapKitViewController.swift */; };
		0A32E3332466ACF40042236E /* AppDelegate.swift in Sources */ = {isa = PBXBuildFile; fileRef = 0A32E3322466ACF40042236E /* AppDelegate.swift */; };
		0A32E3352466ACF40042236E /* SceneDelegate.swift in Sources */ = {isa = PBXBuildFile; fileRef = 0A32E3342466ACF40042236E /* SceneDelegate.swift */; };
		0A32E3372466ACF40042236E /* MainViewController.swift in Sources */ = {isa = PBXBuildFile; fileRef = 0A32E3362466ACF40042236E /* MainViewController.swift */; };
		0A32E33A2466ACF40042236E /* Main.storyboard in Resources */ = {isa = PBXBuildFile; fileRef = 0A32E3382466ACF40042236E /* Main.storyboard */; };
		0A32E33C2466ACF60042236E /* Assets.xcassets in Resources */ = {isa = PBXBuildFile; fileRef = 0A32E33B2466ACF60042236E /* Assets.xcassets */; };
		0A32E33F2466ACF60042236E /* LaunchScreen.storyboard in Resources */ = {isa = PBXBuildFile; fileRef = 0A32E33D2466ACF60042236E /* LaunchScreen.storyboard */; };
		0A60AAE224698AAF005554FB /* ImageView.swift in Sources */ = {isa = PBXBuildFile; fileRef = 0A60AAE124698AAF005554FB /* ImageView.swift */; };
		0A60AAE5246990F5005554FB /* ImageManager.swift in Sources */ = {isa = PBXBuildFile; fileRef = 0A60AAE4246990F5005554FB /* ImageManager.swift */; };
		0A60AAE7246997E4005554FB /* LocationManager.swift in Sources */ = {isa = PBXBuildFile; fileRef = 0A60AAE6246997E4005554FB /* LocationManager.swift */; };
		0A9B3E8F2540CC5D006C82F2 /* GoogleMaps.framework in Frameworks */ = {isa = PBXBuildFile; fileRef = 0A9B3E8C2540CC5D006C82F2 /* GoogleMaps.framework */; };
		0A9B3E902540CC5D006C82F2 /* GoogleMapsBase.framework in Frameworks */ = {isa = PBXBuildFile; fileRef = 0A9B3E8D2540CC5D006C82F2 /* GoogleMapsBase.framework */; };
		0A9B3E912540CC5D006C82F2 /* GoogleMapsCore.framework in Frameworks */ = {isa = PBXBuildFile; fileRef = 0A9B3E8E2540CC5D006C82F2 /* GoogleMapsCore.framework */; };
		0A9B3E932540CC6F006C82F2 /* GoogleMaps.bundle in Resources */ = {isa = PBXBuildFile; fileRef = 0A9B3E922540CC6F006C82F2 /* GoogleMaps.bundle */; };
		0AA6A1D2246A87490079FE44 /* ExtensionEncodable.swift in Sources */ = {isa = PBXBuildFile; fileRef = 0AA6A1D1246A87490079FE44 /* ExtensionEncodable.swift */; };
		0AA6A1D4246A87830079FE44 /* ExtensionLoopable.swift in Sources */ = {isa = PBXBuildFile; fileRef = 0AA6A1D3246A87830079FE44 /* ExtensionLoopable.swift */; };
		0AA6A1D8246A9C390079FE44 /* ExtensionUiView.swift in Sources */ = {isa = PBXBuildFile; fileRef = 0AA6A1D7246A9C390079FE44 /* ExtensionUiView.swift */; };
		0AC941542469DA0200DD692E /* ExtensionDate.swift in Sources */ = {isa = PBXBuildFile; fileRef = 0AC941532469DA0200DD692E /* ExtensionDate.swift */; };
		0ADBDC75253F361E00591AC3 /* ViewController+Extension.swift in Sources */ = {isa = PBXBuildFile; fileRef = 0ADBDC74253F361E00591AC3 /* ViewController+Extension.swift */; };
		0AE867A8246810B700D2E626 /* WeatherData.swift in Sources */ = {isa = PBXBuildFile; fileRef = 0AE867A7246810B700D2E626 /* WeatherData.swift */; };
		0AE867AA246810CB00D2E626 /* NetworkManager.swift in Sources */ = {isa = PBXBuildFile; fileRef = 0AE867A9246810CB00D2E626 /* NetworkManager.swift */; };
		0AE867AC24681AE800D2E626 /* CollectionViewCell.swift in Sources */ = {isa = PBXBuildFile; fileRef = 0AE867AB24681AE800D2E626 /* CollectionViewCell.swift */; };
		0AE867AE2468265300D2E626 /* TableViewCell.swift in Sources */ = {isa = PBXBuildFile; fileRef = 0AE867AD2468265300D2E626 /* TableViewCell.swift */; };
		0AE867B02468290200D2E626 /* ExtensionDouble.swift in Sources */ = {isa = PBXBuildFile; fileRef = 0AE867AF2468290200D2E626 /* ExtensionDouble.swift */; };
		0AE867B2246836DB00D2E626 /* DetailsTableViewCell.swift in Sources */ = {isa = PBXBuildFile; fileRef = 0AE867B1246836DB00D2E626 /* DetailsTableViewCell.swift */; };
		0AE867B62468401E00D2E626 /* ExtensionDictionary.swift in Sources */ = {isa = PBXBuildFile; fileRef = 0AE867B52468401E00D2E626 /* ExtensionDictionary.swift */; };
		0AE867BE24685A2600D2E626 /* StorageDataManager.swift in Sources */ = {isa = PBXBuildFile; fileRef = 0AE867BD24685A2600D2E626 /* StorageDataManager.swift */; };
/* End PBXBuildFile section */

/* Begin PBXFileReference section */
		0A16896C25409CFB00E5B78A /* GoogleMapsViewController.swift */ = {isa = PBXFileReference; lastKnownFileType = sourcecode.swift; path = GoogleMapsViewController.swift; sourceTree = "<group>"; };
		0A1689852540A3FF00E5B78A /* SystemConfiguration.framework */ = {isa = PBXFileReference; lastKnownFileType = wrapper.framework; name = SystemConfiguration.framework; path = System/Library/Frameworks/SystemConfiguration.framework; sourceTree = SDKROOT; };
		0A1689862540A3FF00E5B78A /* ImageIO.framework */ = {isa = PBXFileReference; lastKnownFileType = wrapper.framework; name = ImageIO.framework; path = System/Library/Frameworks/ImageIO.framework; sourceTree = SDKROOT; };
		0A1689872540A3FF00E5B78A /* QuartzCore.framework */ = {isa = PBXFileReference; lastKnownFileType = wrapper.framework; name = QuartzCore.framework; path = System/Library/Frameworks/QuartzCore.framework; sourceTree = SDKROOT; };
		0A1689882540A3FF00E5B78A /* CoreGraphics.framework */ = {isa = PBXFileReference; lastKnownFileType = wrapper.framework; name = CoreGraphics.framework; path = System/Library/Frameworks/CoreGraphics.framework; sourceTree = SDKROOT; };
		0A1689892540A3FF00E5B78A /* CoreLocation.framework */ = {isa = PBXFileReference; lastKnownFileType = wrapper.framework; name = CoreLocation.framework; path = System/Library/Frameworks/CoreLocation.framework; sourceTree = SDKROOT; };
		0A16898A2540A3FF00E5B78A /* CoreImage.framework */ = {isa = PBXFileReference; lastKnownFileType = wrapper.framework; name = CoreImage.framework; path = System/Library/Frameworks/CoreImage.framework; sourceTree = SDKROOT; };
		0A16898B2540A3FF00E5B78A /* CoreText.framework */ = {isa = PBXFileReference; lastKnownFileType = wrapper.framework; name = CoreText.framework; path = System/Library/Frameworks/CoreText.framework; sourceTree = SDKROOT; };
		0A16898C2540A3FF00E5B78A /* CoreData.framework */ = {isa = PBXFileReference; lastKnownFileType = wrapper.framework; name = CoreData.framework; path = System/Library/Frameworks/CoreData.framework; sourceTree = SDKROOT; };
		0A16898D2540A3FF00E5B78A /* OpenGLES.framework */ = {isa = PBXFileReference; lastKnownFileType = wrapper.framework; name = OpenGLES.framework; path = System/Library/Frameworks/OpenGLES.framework; sourceTree = SDKROOT; };
		0A16898E2540A3FF00E5B78A /* libc++.tbd */ = {isa = PBXFileReference; lastKnownFileType = "sourcecode.text-based-dylib-definition"; name = "libc++.tbd"; path = "usr/lib/libc++.tbd"; sourceTree = SDKROOT; };
		0A16898F2540A3FF00E5B78A /* GLKit.framework */ = {isa = PBXFileReference; lastKnownFileType = wrapper.framework; name = GLKit.framework; path = System/Library/Frameworks/GLKit.framework; sourceTree = SDKROOT; };
		0A1689902540A3FF00E5B78A /* libz.tbd */ = {isa = PBXFileReference; lastKnownFileType = "sourcecode.text-based-dylib-definition"; name = libz.tbd; path = usr/lib/libz.tbd; sourceTree = SDKROOT; };
		0A1689912540A3FF00E5B78A /* Accelerate.framework */ = {isa = PBXFileReference; lastKnownFileType = wrapper.framework; name = Accelerate.framework; path = System/Library/Frameworks/Accelerate.framework; sourceTree = SDKROOT; };
		0A1689922540A3FF00E5B78A /* UIKit.framework */ = {isa = PBXFileReference; lastKnownFileType = wrapper.framework; name = UIKit.framework; path = System/Library/Frameworks/UIKit.framework; sourceTree = SDKROOT; };
		0A1689932540A3FF00E5B78A /* CoreTelephony.framework */ = {isa = PBXFileReference; lastKnownFileType = wrapper.framework; name = CoreTelephony.framework; path = System/Library/Frameworks/CoreTelephony.framework; sourceTree = SDKROOT; };
		0A172856253F3C1F004A29DA /* MapKitViewController.swift */ = {isa = PBXFileReference; lastKnownFileType = sourcecode.swift; path = MapKitViewController.swift; sourceTree = "<group>"; };
		0A32E32F2466ACF40042236E /* Weather.app */ = {isa = PBXFileReference; explicitFileType = wrapper.application; includeInIndex = 0; path = Weather.app; sourceTree = BUILT_PRODUCTS_DIR; };
		0A32E3322466ACF40042236E /* AppDelegate.swift */ = {isa = PBXFileReference; lastKnownFileType = sourcecode.swift; path = AppDelegate.swift; sourceTree = "<group>"; };
		0A32E3342466ACF40042236E /* SceneDelegate.swift */ = {isa = PBXFileReference; lastKnownFileType = sourcecode.swift; path = SceneDelegate.swift; sourceTree = "<group>"; };
		0A32E3362466ACF40042236E /* MainViewController.swift */ = {isa = PBXFileReference; lastKnownFileType = sourcecode.swift; path = MainViewController.swift; sourceTree = "<group>"; };
		0A32E3392466ACF40042236E /* Base */ = {isa = PBXFileReference; lastKnownFileType = file.storyboard; name = Base; path = Base.lproj/Main.storyboard; sourceTree = "<group>"; };
		0A32E33B2466ACF60042236E /* Assets.xcassets */ = {isa = PBXFileReference; lastKnownFileType = folder.assetcatalog; path = Assets.xcassets; sourceTree = "<group>"; };
		0A32E33E2466ACF60042236E /* Base */ = {isa = PBXFileReference; lastKnownFileType = file.storyboard; name = Base; path = Base.lproj/LaunchScreen.storyboard; sourceTree = "<group>"; };
		0A32E3402466ACF60042236E /* Info.plist */ = {isa = PBXFileReference; lastKnownFileType = text.plist.xml; path = Info.plist; sourceTree = "<group>"; };
		0A60AAE124698AAF005554FB /* ImageView.swift */ = {isa = PBXFileReference; lastKnownFileType = sourcecode.swift; path = ImageView.swift; sourceTree = "<group>"; };
		0A60AAE4246990F5005554FB /* ImageManager.swift */ = {isa = PBXFileReference; lastKnownFileType = sourcecode.swift; path = ImageManager.swift; sourceTree = "<group>"; };
		0A60AAE6246997E4005554FB /* LocationManager.swift */ = {isa = PBXFileReference; lastKnownFileType = sourcecode.swift; path = LocationManager.swift; sourceTree = "<group>"; };
		0A9B3E8C2540CC5D006C82F2 /* GoogleMaps.framework */ = {isa = PBXFileReference; lastKnownFileType = wrapper.framework; name = GoogleMaps.framework; path = Carthage/Build/iOS/GoogleMaps.framework; sourceTree = SOURCE_ROOT; };
		0A9B3E8D2540CC5D006C82F2 /* GoogleMapsBase.framework */ = {isa = PBXFileReference; lastKnownFileType = wrapper.framework; name = GoogleMapsBase.framework; path = Carthage/Build/iOS/GoogleMapsBase.framework; sourceTree = SOURCE_ROOT; };
		0A9B3E8E2540CC5D006C82F2 /* GoogleMapsCore.framework */ = {isa = PBXFileReference; lastKnownFileType = wrapper.framework; name = GoogleMapsCore.framework; path = Carthage/Build/iOS/GoogleMapsCore.framework; sourceTree = SOURCE_ROOT; };
		0A9B3E922540CC6F006C82F2 /* GoogleMaps.bundle */ = {isa = PBXFileReference; lastKnownFileType = "wrapper.plug-in"; name = GoogleMaps.bundle; path = Carthage/Build/iOS/GoogleMaps.framework/Resources/GoogleMaps.bundle; sourceTree = SOURCE_ROOT; };
		0AA6A1D1246A87490079FE44 /* ExtensionEncodable.swift */ = {isa = PBXFileReference; fileEncoding = 4; lastKnownFileType = sourcecode.swift; path = ExtensionEncodable.swift; sourceTree = "<group>"; };
		0AA6A1D3246A87830079FE44 /* ExtensionLoopable.swift */ = {isa = PBXFileReference; lastKnownFileType = sourcecode.swift; path = ExtensionLoopable.swift; sourceTree = "<group>"; };
		0AA6A1D7246A9C390079FE44 /* ExtensionUiView.swift */ = {isa = PBXFileReference; lastKnownFileType = sourcecode.swift; path = ExtensionUiView.swift; sourceTree = "<group>"; };
		0AC941532469DA0200DD692E /* ExtensionDate.swift */ = {isa = PBXFileReference; lastKnownFileType = sourcecode.swift; path = ExtensionDate.swift; sourceTree = "<group>"; };
		0ADBDC74253F361E00591AC3 /* ViewController+Extension.swift */ = {isa = PBXFileReference; lastKnownFileType = sourcecode.swift; path = "ViewController+Extension.swift"; sourceTree = "<group>"; };
		0AE867A7246810B700D2E626 /* WeatherData.swift */ = {isa = PBXFileReference; lastKnownFileType = sourcecode.swift; path = WeatherData.swift; sourceTree = "<group>"; };
		0AE867A9246810CB00D2E626 /* NetworkManager.swift */ = {isa = PBXFileReference; lastKnownFileType = sourcecode.swift; path = NetworkManager.swift; sourceTree = "<group>"; };
		0AE867AB24681AE800D2E626 /* CollectionViewCell.swift */ = {isa = PBXFileReference; lastKnownFileType = sourcecode.swift; path = CollectionViewCell.swift; sourceTree = "<group>"; };
		0AE867AD2468265300D2E626 /* TableViewCell.swift */ = {isa = PBXFileReference; lastKnownFileType = sourcecode.swift; path = TableViewCell.swift; sourceTree = "<group>"; };
		0AE867AF2468290200D2E626 /* ExtensionDouble.swift */ = {isa = PBXFileReference; lastKnownFileType = sourcecode.swift; path = ExtensionDouble.swift; sourceTree = "<group>"; };
		0AE867B1246836DB00D2E626 /* DetailsTableViewCell.swift */ = {isa = PBXFileReference; lastKnownFileType = sourcecode.swift; path = DetailsTableViewCell.swift; sourceTree = "<group>"; };
		0AE867B52468401E00D2E626 /* ExtensionDictionary.swift */ = {isa = PBXFileReference; lastKnownFileType = sourcecode.swift; path = ExtensionDictionary.swift; sourceTree = "<group>"; };
		0AE867BD24685A2600D2E626 /* StorageDataManager.swift */ = {isa = PBXFileReference; lastKnownFileType = sourcecode.swift; path = StorageDataManager.swift; sourceTree = "<group>"; };
/* End PBXFileReference section */

/* Begin PBXFrameworksBuildPhase section */
		0A32E32C2466ACF40042236E /* Frameworks */ = {
			isa = PBXFrameworksBuildPhase;
			buildActionMask = 2147483647;
			files = (
				0A1689942540A3FF00E5B78A /* SystemConfiguration.framework in Frameworks */,
				0A1689952540A3FF00E5B78A /* ImageIO.framework in Frameworks */,
				0A1689962540A3FF00E5B78A /* QuartzCore.framework in Frameworks */,
				0A1689972540A3FF00E5B78A /* CoreGraphics.framework in Frameworks */,
				0A1689982540A3FF00E5B78A /* CoreLocation.framework in Frameworks */,
				0A1689992540A3FF00E5B78A /* CoreImage.framework in Frameworks */,
				0A9B3E902540CC5D006C82F2 /* GoogleMapsBase.framework in Frameworks */,
				0A9B3E912540CC5D006C82F2 /* GoogleMapsCore.framework in Frameworks */,
				0A16899A2540A3FF00E5B78A /* CoreText.framework in Frameworks */,
				0A16899B2540A3FF00E5B78A /* CoreData.framework in Frameworks */,
				0A16899C2540A3FF00E5B78A /* OpenGLES.framework in Frameworks */,
				0A16899D2540A3FF00E5B78A /* libc++.tbd in Frameworks */,
				0A16899E2540A3FF00E5B78A /* GLKit.framework in Frameworks */,
				0A16899F2540A3FF00E5B78A /* libz.tbd in Frameworks */,
				0A1689A02540A3FF00E5B78A /* Accelerate.framework in Frameworks */,
				0A1689A12540A3FF00E5B78A /* UIKit.framework in Frameworks */,
				0A9B3E8F2540CC5D006C82F2 /* GoogleMaps.framework in Frameworks */,
				0A1689A22540A3FF00E5B78A /* CoreTelephony.framework in Frameworks */,
			);
			runOnlyForDeploymentPostprocessing = 0;
		};
/* End PBXFrameworksBuildPhase section */

/* Begin PBXGroup section */
		0A1689842540A3FE00E5B78A /* Frameworks */ = {
			isa = PBXGroup;
			children = (
				0A1689912540A3FF00E5B78A /* Accelerate.framework */,
				0A16898C2540A3FF00E5B78A /* CoreData.framework */,
				0A1689882540A3FF00E5B78A /* CoreGraphics.framework */,
				0A16898A2540A3FF00E5B78A /* CoreImage.framework */,
				0A1689892540A3FF00E5B78A /* CoreLocation.framework */,
				0A1689932540A3FF00E5B78A /* CoreTelephony.framework */,
				0A16898B2540A3FF00E5B78A /* CoreText.framework */,
				0A16898F2540A3FF00E5B78A /* GLKit.framework */,
				0A1689862540A3FF00E5B78A /* ImageIO.framework */,
				0A16898E2540A3FF00E5B78A /* libc++.tbd */,
				0A1689902540A3FF00E5B78A /* libz.tbd */,
				0A16898D2540A3FF00E5B78A /* OpenGLES.framework */,
				0A1689872540A3FF00E5B78A /* QuartzCore.framework */,
				0A1689852540A3FF00E5B78A /* SystemConfiguration.framework */,
				0A1689922540A3FF00E5B78A /* UIKit.framework */,
			);
			name = Frameworks;
			sourceTree = "<group>";
		};
		0A172858253F3C3B004A29DA /* Controller */ = {
			isa = PBXGroup;
			children = (
				0A32E3362466ACF40042236E /* MainViewController.swift */,
				0A172856253F3C1F004A29DA /* MapKitViewController.swift */,
				0A16896C25409CFB00E5B78A /* GoogleMapsViewController.swift */,
			);
			path = Controller;
			sourceTree = "<group>";
		};
		0A32E3262466ACF40042236E = {
			isa = PBXGroup;
			children = (
				0A32E3312466ACF40042236E /* Weather */,
				0A32E3302466ACF40042236E /* Products */,
				0A1689842540A3FE00E5B78A /* Frameworks */,
			);
			sourceTree = "<group>";
		};
		0A32E3302466ACF40042236E /* Products */ = {
			isa = PBXGroup;
			children = (
				0A32E32F2466ACF40042236E /* Weather.app */,
			);
			name = Products;
			sourceTree = "<group>";
		};
		0A32E3312466ACF40042236E /* Weather */ = {
			isa = PBXGroup;
			children = (
				0ABE6FD624692C08009FFE4F /* View */,
				0ABE6FD524692BF5009FFE4F /* Model */,
				0A172858253F3C3B004A29DA /* Controller */,
				0ABE6FD424692BD6009FFE4F /* Managers */,
				0ABE6FD324692BC1009FFE4F /* Extensions */,
				0A32E3322466ACF40042236E /* AppDelegate.swift */,
				0A32E3342466ACF40042236E /* SceneDelegate.swift */,
				0A32E3382466ACF40042236E /* Main.storyboard */,
				0A32E33B2466ACF60042236E /* Assets.xcassets */,
				0A32E33D2466ACF60042236E /* LaunchScreen.storyboard */,
				0A32E3402466ACF60042236E /* Info.plist */,
				0A9B3E922540CC6F006C82F2 /* GoogleMaps.bundle */,
				0A9B3E8C2540CC5D006C82F2 /* GoogleMaps.framework */,
				0A9B3E8D2540CC5D006C82F2 /* GoogleMapsBase.framework */,
				0A9B3E8E2540CC5D006C82F2 /* GoogleMapsCore.framework */,
			);
			path = Weather;
			sourceTree = "<group>";
		};
		0ABE6FD324692BC1009FFE4F /* Extensions */ = {
			isa = PBXGroup;
			children = (
				0AA6A1D1246A87490079FE44 /* ExtensionEncodable.swift */,
				0AA6A1D7246A9C390079FE44 /* ExtensionUiView.swift */,
				0AE867AF2468290200D2E626 /* ExtensionDouble.swift */,
				0AE867B52468401E00D2E626 /* ExtensionDictionary.swift */,
				0AC941532469DA0200DD692E /* ExtensionDate.swift */,
				0AA6A1D3246A87830079FE44 /* ExtensionLoopable.swift */,
				0ADBDC74253F361E00591AC3 /* ViewController+Extension.swift */,
			);
			path = Extensions;
			sourceTree = "<group>";
		};
		0ABE6FD424692BD6009FFE4F /* Managers */ = {
			isa = PBXGroup;
			children = (
				0AE867A9246810CB00D2E626 /* NetworkManager.swift */,
				0AE867BD24685A2600D2E626 /* StorageDataManager.swift */,
				0A60AAE4246990F5005554FB /* ImageManager.swift */,
				0A60AAE6246997E4005554FB /* LocationManager.swift */,
			);
			path = Managers;
			sourceTree = "<group>";
		};
		0ABE6FD524692BF5009FFE4F /* Model */ = {
			isa = PBXGroup;
			children = (
				0AE867A7246810B700D2E626 /* WeatherData.swift */,
			);
			path = Model;
			sourceTree = "<group>";
		};
		0ABE6FD624692C08009FFE4F /* View */ = {
			isa = PBXGroup;
			children = (
				0AE867AB24681AE800D2E626 /* CollectionViewCell.swift */,
				0AE867B1246836DB00D2E626 /* DetailsTableViewCell.swift */,
				0AE867AD2468265300D2E626 /* TableViewCell.swift */,
				0A60AAE124698AAF005554FB /* ImageView.swift */,
			);
			path = View;
			sourceTree = "<group>";
		};
/* End PBXGroup section */

/* Begin PBXNativeTarget section */
		0A32E32E2466ACF40042236E /* Weather */ = {
			isa = PBXNativeTarget;
			buildConfigurationList = 0A32E3432466ACF60042236E /* Build configuration list for PBXNativeTarget "Weather" */;
			buildPhases = (
				0A32E32B2466ACF40042236E /* Sources */,
				0A32E32C2466ACF40042236E /* Frameworks */,
				0A32E32D2466ACF40042236E /* Resources */,
			);
			buildRules = (
			);
			dependencies = (
			);
			name = Weather;
			productName = Weather;
			productReference = 0A32E32F2466ACF40042236E /* Weather.app */;
			productType = "com.apple.product-type.application";
		};
/* End PBXNativeTarget section */

/* Begin PBXProject section */
		0A32E3272466ACF40042236E /* Project object */ = {
			isa = PBXProject;
			attributes = {
				LastSwiftUpdateCheck = 1140;
				LastUpgradeCheck = 1200;
				ORGANIZATIONNAME = Dmitry;
				TargetAttributes = {
					0A32E32E2466ACF40042236E = {
						CreatedOnToolsVersion = 11.4;
					};
				};
			};
			buildConfigurationList = 0A32E32A2466ACF40042236E /* Build configuration list for PBXProject "Weather" */;
			compatibilityVersion = "Xcode 9.3";
			developmentRegion = en;
			hasScannedForEncodings = 0;
			knownRegions = (
				en,
				Base,
			);
			mainGroup = 0A32E3262466ACF40042236E;
			productRefGroup = 0A32E3302466ACF40042236E /* Products */;
			projectDirPath = "";
			projectRoot = "";
			targets = (
				0A32E32E2466ACF40042236E /* Weather */,
			);
		};
/* End PBXProject section */

/* Begin PBXResourcesBuildPhase section */
		0A32E32D2466ACF40042236E /* Resources */ = {
			isa = PBXResourcesBuildPhase;
			buildActionMask = 2147483647;
			files = (
				0A32E33F2466ACF60042236E /* LaunchScreen.storyboard in Resources */,
				0A32E33C2466ACF60042236E /* Assets.xcassets in Resources */,
				0A32E33A2466ACF40042236E /* Main.storyboard in Resources */,
				0A9B3E932540CC6F006C82F2 /* GoogleMaps.bundle in Resources */,
			);
			runOnlyForDeploymentPostprocessing = 0;
		};
/* End PBXResourcesBuildPhase section */

/* Begin PBXSourcesBuildPhase section */
		0A32E32B2466ACF40042236E /* Sources */ = {
			isa = PBXSourcesBuildPhase;
			buildActionMask = 2147483647;
			files = (
				0AE867B02468290200D2E626 /* ExtensionDouble.swift in Sources */,
				0A32E3372466ACF40042236E /* MainViewController.swift in Sources */,
				0AA6A1D2246A87490079FE44 /* ExtensionEncodable.swift in Sources */,
				0AA6A1D8246A9C390079FE44 /* ExtensionUiView.swift in Sources */,
				0A60AAE7246997E4005554FB /* LocationManager.swift in Sources */,
				0AA6A1D4246A87830079FE44 /* ExtensionLoopable.swift in Sources */,
				0A32E3332466ACF40042236E /* AppDelegate.swift in Sources */,
				0ADBDC75253F361E00591AC3 /* ViewController+Extension.swift in Sources */,
				0AE867B62468401E00D2E626 /* ExtensionDictionary.swift in Sources */,
				0A60AAE224698AAF005554FB /* ImageView.swift in Sources */,
				0AE867BE24685A2600D2E626 /* StorageDataManager.swift in Sources */,
				0A16896D25409CFB00E5B78A /* GoogleMapsViewController.swift in Sources */,
				0AE867B2246836DB00D2E626 /* DetailsTableViewCell.swift in Sources */,
				0A172857253F3C1F004A29DA /* MapKitViewController.swift in Sources */,
				0AE867AC24681AE800D2E626 /* CollectionViewCell.swift in Sources */,
				0AC941542469DA0200DD692E /* ExtensionDate.swift in Sources */,
				0A60AAE5246990F5005554FB /* ImageManager.swift in Sources */,
				0AE867AA246810CB00D2E626 /* NetworkManager.swift in Sources */,
				0AE867A8246810B700D2E626 /* WeatherData.swift in Sources */,
				0AE867AE2468265300D2E626 /* TableViewCell.swift in Sources */,
				0A32E3352466ACF40042236E /* SceneDelegate.swift in Sources */,
			);
			runOnlyForDeploymentPostprocessing = 0;
		};
/* End PBXSourcesBuildPhase section */

/* Begin PBXVariantGroup section */
		0A32E3382466ACF40042236E /* Main.storyboard */ = {
			isa = PBXVariantGroup;
			children = (
				0A32E3392466ACF40042236E /* Base */,
			);
			name = Main.storyboard;
			sourceTree = "<group>";
		};
		0A32E33D2466ACF60042236E /* LaunchScreen.storyboard */ = {
			isa = PBXVariantGroup;
			children = (
				0A32E33E2466ACF60042236E /* Base */,
			);
			name = LaunchScreen.storyboard;
			sourceTree = "<group>";
		};
/* End PBXVariantGroup section */

/* Begin XCBuildConfiguration section */
		0A32E3412466ACF60042236E /* Debug */ = {
			isa = XCBuildConfiguration;
			buildSettings = {
				ALWAYS_SEARCH_USER_PATHS = NO;
				CLANG_ANALYZER_NONNULL = YES;
				CLANG_ANALYZER_NUMBER_OBJECT_CONVERSION = YES_AGGRESSIVE;
				CLANG_CXX_LANGUAGE_STANDARD = "gnu++14";
				CLANG_CXX_LIBRARY = "libc++";
				CLANG_ENABLE_MODULES = YES;
				CLANG_ENABLE_OBJC_ARC = YES;
				CLANG_ENABLE_OBJC_WEAK = YES;
				CLANG_WARN_BLOCK_CAPTURE_AUTORELEASING = YES;
				CLANG_WARN_BOOL_CONVERSION = YES;
				CLANG_WARN_COMMA = YES;
				CLANG_WARN_CONSTANT_CONVERSION = YES;
				CLANG_WARN_DEPRECATED_OBJC_IMPLEMENTATIONS = YES;
				CLANG_WARN_DIRECT_OBJC_ISA_USAGE = YES_ERROR;
				CLANG_WARN_DOCUMENTATION_COMMENTS = YES;
				CLANG_WARN_EMPTY_BODY = YES;
				CLANG_WARN_ENUM_CONVERSION = YES;
				CLANG_WARN_INFINITE_RECURSION = YES;
				CLANG_WARN_INT_CONVERSION = YES;
				CLANG_WARN_NON_LITERAL_NULL_CONVERSION = YES;
				CLANG_WARN_OBJC_IMPLICIT_RETAIN_SELF = YES;
				CLANG_WARN_OBJC_LITERAL_CONVERSION = YES;
				CLANG_WARN_OBJC_ROOT_CLASS = YES_ERROR;
				CLANG_WARN_QUOTED_INCLUDE_IN_FRAMEWORK_HEADER = YES;
				CLANG_WARN_RANGE_LOOP_ANALYSIS = YES;
				CLANG_WARN_STRICT_PROTOTYPES = YES;
				CLANG_WARN_SUSPICIOUS_MOVE = YES;
				CLANG_WARN_UNGUARDED_AVAILABILITY = YES_AGGRESSIVE;
				CLANG_WARN_UNREACHABLE_CODE = YES;
				CLANG_WARN__DUPLICATE_METHOD_MATCH = YES;
				COPY_PHASE_STRIP = NO;
				DEBUG_INFORMATION_FORMAT = dwarf;
				ENABLE_STRICT_OBJC_MSGSEND = YES;
				ENABLE_TESTABILITY = YES;
				GCC_C_LANGUAGE_STANDARD = gnu11;
				GCC_DYNAMIC_NO_PIC = NO;
				GCC_NO_COMMON_BLOCKS = YES;
				GCC_OPTIMIZATION_LEVEL = 0;
				GCC_PREPROCESSOR_DEFINITIONS = (
					"DEBUG=1",
					"$(inherited)",
				);
				GCC_WARN_64_TO_32_BIT_CONVERSION = YES;
				GCC_WARN_ABOUT_RETURN_TYPE = YES_ERROR;
				GCC_WARN_UNDECLARED_SELECTOR = YES;
				GCC_WARN_UNINITIALIZED_AUTOS = YES_AGGRESSIVE;
				GCC_WARN_UNUSED_FUNCTION = YES;
				GCC_WARN_UNUSED_VARIABLE = YES;
				IPHONEOS_DEPLOYMENT_TARGET = 13.4;
				MTL_ENABLE_DEBUG_INFO = INCLUDE_SOURCE;
				MTL_FAST_MATH = YES;
				ONLY_ACTIVE_ARCH = YES;
				"OTHER_LDFLAGS[arch=*]" = "-ObjC";
				SDKROOT = iphoneos;
				SWIFT_ACTIVE_COMPILATION_CONDITIONS = DEBUG;
				SWIFT_OPTIMIZATION_LEVEL = "-Onone";
			};
			name = Debug;
		};
		0A32E3422466ACF60042236E /* Release */ = {
			isa = XCBuildConfiguration;
			buildSettings = {
				ALWAYS_SEARCH_USER_PATHS = NO;
				CLANG_ANALYZER_NONNULL = YES;
				CLANG_ANALYZER_NUMBER_OBJECT_CONVERSION = YES_AGGRESSIVE;
				CLANG_CXX_LANGUAGE_STANDARD = "gnu++14";
				CLANG_CXX_LIBRARY = "libc++";
				CLANG_ENABLE_MODULES = YES;
				CLANG_ENABLE_OBJC_ARC = YES;
				CLANG_ENABLE_OBJC_WEAK = YES;
				CLANG_WARN_BLOCK_CAPTURE_AUTORELEASING = YES;
				CLANG_WARN_BOOL_CONVERSION = YES;
				CLANG_WARN_COMMA = YES;
				CLANG_WARN_CONSTANT_CONVERSION = YES;
				CLANG_WARN_DEPRECATED_OBJC_IMPLEMENTATIONS = YES;
				CLANG_WARN_DIRECT_OBJC_ISA_USAGE = YES_ERROR;
				CLANG_WARN_DOCUMENTATION_COMMENTS = YES;
				CLANG_WARN_EMPTY_BODY = YES;
				CLANG_WARN_ENUM_CONVERSION = YES;
				CLANG_WARN_INFINITE_RECURSION = YES;
				CLANG_WARN_INT_CONVERSION = YES;
				CLANG_WARN_NON_LITERAL_NULL_CONVERSION = YES;
				CLANG_WARN_OBJC_IMPLICIT_RETAIN_SELF = YES;
				CLANG_WARN_OBJC_LITERAL_CONVERSION = YES;
				CLANG_WARN_OBJC_ROOT_CLASS = YES_ERROR;
				CLANG_WARN_QUOTED_INCLUDE_IN_FRAMEWORK_HEADER = YES;
				CLANG_WARN_RANGE_LOOP_ANALYSIS = YES;
				CLANG_WARN_STRICT_PROTOTYPES = YES;
				CLANG_WARN_SUSPICIOUS_MOVE = YES;
				CLANG_WARN_UNGUARDED_AVAILABILITY = YES_AGGRESSIVE;
				CLANG_WARN_UNREACHABLE_CODE = YES;
				CLANG_WARN__DUPLICATE_METHOD_MATCH = YES;
				COPY_PHASE_STRIP = NO;
				DEBUG_INFORMATION_FORMAT = "dwarf-with-dsym";
				ENABLE_NS_ASSERTIONS = NO;
				ENABLE_STRICT_OBJC_MSGSEND = YES;
				GCC_C_LANGUAGE_STANDARD = gnu11;
				GCC_NO_COMMON_BLOCKS = YES;
				GCC_WARN_64_TO_32_BIT_CONVERSION = YES;
				GCC_WARN_ABOUT_RETURN_TYPE = YES_ERROR;
				GCC_WARN_UNDECLARED_SELECTOR = YES;
				GCC_WARN_UNINITIALIZED_AUTOS = YES_AGGRESSIVE;
				GCC_WARN_UNUSED_FUNCTION = YES;
				GCC_WARN_UNUSED_VARIABLE = YES;
				IPHONEOS_DEPLOYMENT_TARGET = 13.4;
				MTL_ENABLE_DEBUG_INFO = NO;
				MTL_FAST_MATH = YES;
				"OTHER_LDFLAGS[arch=*]" = "-ObjC";
				SDKROOT = iphoneos;
				SWIFT_COMPILATION_MODE = wholemodule;
				SWIFT_OPTIMIZATION_LEVEL = "-O";
				VALIDATE_PRODUCT = YES;
			};
			name = Release;
		};
		0A32E3442466ACF60042236E /* Debug */ = {
			isa = XCBuildConfiguration;
			buildSettings = {
				ASSETCATALOG_COMPILER_APPICON_NAME = AppIcon;
				CODE_SIGN_STYLE = Automatic;
				DEVELOPMENT_TEAM = KW5UKQUB9D;
				FRAMEWORK_SEARCH_PATHS = (
					"$(inherited)",
					"$(PROJECT_DIR)/Carthage/Build/iOS",
				);
				INFOPLIST_FILE = Weather/Info.plist;
				LD_RUNPATH_SEARCH_PATHS = (
					"$(inherited)",
					"@executable_path/Frameworks",
				);
				PRODUCT_BUNDLE_IDENTIFIER = com.dmitry.Weather;
				PRODUCT_NAME = "$(TARGET_NAME)";
				SWIFT_VERSION = 5.0;
				TARGETED_DEVICE_FAMILY = 1;
			};
			name = Debug;
		};
		0A32E3452466ACF60042236E /* Release */ = {
			isa = XCBuildConfiguration;
			buildSettings = {
				ASSETCATALOG_COMPILER_APPICON_NAME = AppIcon;
				CODE_SIGN_STYLE = Automatic;
				DEVELOPMENT_TEAM = KW5UKQUB9D;
				FRAMEWORK_SEARCH_PATHS = (
					"$(inherited)",
					"$(PROJECT_DIR)/Carthage/Build/iOS",
				);
				INFOPLIST_FILE = Weather/Info.plist;
				LD_RUNPATH_SEARCH_PATHS = (
					"$(inherited)",
					"@executable_path/Frameworks",
				);
				PRODUCT_BUNDLE_IDENTIFIER = com.dmitry.Weather;
				PRODUCT_NAME = "$(TARGET_NAME)";
				SWIFT_VERSION = 5.0;
				TARGETED_DEVICE_FAMILY = 1;
			};
			name = Release;
		};
/* End XCBuildConfiguration section */

/* Begin XCConfigurationList section */
		0A32E32A2466ACF40042236E /* Build configuration list for PBXProject "Weather" */ = {
			isa = XCConfigurationList;
			buildConfigurations = (
				0A32E3412466ACF60042236E /* Debug */,
				0A32E3422466ACF60042236E /* Release */,
			);
			defaultConfigurationIsVisible = 0;
			defaultConfigurationName = Release;
		};
		0A32E3432466ACF60042236E /* Build configuration list for PBXNativeTarget "Weather" */ = {
			isa = XCConfigurationList;
			buildConfigurations = (
				0A32E3442466ACF60042236E /* Debug */,
				0A32E3452466ACF60042236E /* Release */,
			);
			defaultConfigurationIsVisible = 0;
			defaultConfigurationName = Release;
		};
/* End XCConfigurationList section */
	};
	rootObject = 0A32E3272466ACF40042236E /* Project object */;
}
